{
  "nodes": {
    "nixpkgs": {
      "locked": {
        "lastModified": 1791426274,
        "narHash": "sha256-/hsaG8yWXZjTs6WJS2xnerd9VKBgJ8jN8e5ELHLt+bs=",
        "rev": "7c8764b7c7b09b34f632464276218ef9090eaa11",
        "type": "tarball",
        "url": "https://releases.nixos.org/nixos/26.05/nixos-26.05.11576.7c8764b7c7b0/nixexprs.tar.zst"
      },
      "original": {
        "type": "tarball",
        "url": "https://channels.nixos.org/nixos-26.05/nixexprs.tar.zst"
      }
    },
    "root": {
      "inputs": {
        "nixpkgs": "nixpkgs"
      }
    }
  },
  "root": "root",
  "version": 7
}
